
Microsoft Visual Studio Solution File, Format Version 12.00
# Visual Studio Version 16
VisualStudioVersion = 16.0.30309.148
MinimumVisualStudioVersion = 10.0.40219.1
Project("{FAE04EC0-301F-11D3-BF4B-00C04F79EFBC}") = "AyudanteNewen", "AyudanteNewen\AyudanteNewen\AyudanteNewen.csproj", "{0EFE93FE-665E-4917-9231-3A844118C062}"
EndProject
Project("{FAE04EC0-301F-11D3-BF4B-00C04F79EFBC}") = "AyudanteNewen.Droid", "AyudanteNewen\AyudanteNewen.Droid\AyudanteNewen.Droid.csproj", "{E8B03BE2-7506-44E8-9C4D-2D1A75433A3F}"
EndProject
Project("{FAE04EC0-301F-11D3-BF4B-00C04F79EFBC}") = "AyudanteNewen.iOS", "AyudanteNewen\AyudanteNewen.iOS\AyudanteNewen.iOS.csproj", "{D833FA8D-8B40-4969-9512-998863171BD6}"
EndProject
Global
	GlobalSection(SolutionConfigurationPlatforms) = preSolution
		Ad-Hoc|Any CPU = Ad-Hoc|Any CPU
		Ad-Hoc|ARM = Ad-Hoc|ARM
		Ad-Hoc|iPhone = Ad-Hoc|iPhone
		Ad-Hoc|iPhoneSimulator = Ad-Hoc|iPhoneSimulator
		Ad-Hoc|x64 = Ad-Hoc|x64
		Ad-Hoc|x86 = Ad-Hoc|x86
		AppStore|Any CPU = AppStore|Any CPU
		AppStore|ARM = AppStore|ARM
		AppStore|iPhone = AppStore|iPhone
		AppStore|iPhoneSimulator = AppStore|iPhoneSimulator
		AppStore|x64 = AppStore|x64
		AppStore|x86 = AppStore|x86
		Debug|Any CPU = Debug|Any CPU
		Debug|ARM = Debug|ARM
		Debug|iPhone = Debug|iPhone
		Debug|iPhoneSimulator = Debug|iPhoneSimulator
		Debug|x64 = Debug|x64
		Debug|x86 = Debug|x86
		Release|Any CPU = Release|Any CPU
		Release|ARM = Release|ARM
		Release|iPhone = Release|iPhone
		Release|iPhoneSimulator = Release|iPhoneSimulator
		Release|x64 = Release|x64
		Release|x86 = Release|x86
	EndGlobalSection
	GlobalSection(ProjectConfigurationPlatforms) = postSolution
		{0EFE93FE-665E-4917-9231-3A844118C062}.Ad-Hoc|Any CPU.ActiveCfg = Release|Any CPU
		{0EFE93FE-665E-4917-9231-3A844118C062}.Ad-Hoc|Any CPU.Build.0 = Release|Any CPU
		{0EFE93FE-665E-4917-9231-3A844118C062}.Ad-Hoc|ARM.ActiveCfg = Release|Any CPU
		{0EFE93FE-665E-4917-9231-3A844118C062}.Ad-Hoc|ARM.Build.0 = Release|Any CPU
		{0EFE93FE-665E-4917-9231-3A844118C062}.Ad-Hoc|iPhone.ActiveCfg = Release|Any CPU
		{0EFE93FE-665E-4917-9231-3A844118C062}.Ad-Hoc|iPhone.Build.0 = Release|Any CPU
		{0EFE93FE-665E-4917-9231-3A844118C062}.Ad-Hoc|iPhoneSimulator.ActiveCfg = Release|Any CPU
		{0EFE93FE-665E-4917-9231-3A844118C062}.Ad-Hoc|iPhoneSimulator.Build.0 = Release|Any CPU
		{0EFE93FE-665E-4917-9231-3A844118C062}.Ad-Hoc|x64.ActiveCfg = Release|Any CPU
		{0EFE93FE-665E-4917-9231-3A844118C062}.Ad-Hoc|x64.Build.0 = Release|Any CPU
		{0EFE93FE-665E-4917-9231-3A844118C062}.Ad-Hoc|x86.ActiveCfg = Release|Any CPU
		{0EFE93FE-665E-4917-9231-3A844118C062}.Ad-Hoc|x86.Build.0 = Release|Any CPU
		{0EFE93FE-665E-4917-9231-3A844118C062}.AppStore|Any CPU.ActiveCfg = Release|Any CPU
		{0EFE93FE-665E-4917-9231-3A844118C062}.AppStore|Any CPU.Build.0 = Release|Any CPU
		{0EFE93FE-665E-4917-9231-3A844118C062}.AppStore|ARM.ActiveCfg = Release|Any CPU
		{0EFE93FE-665E-4917-9231-3A844118C062}.AppStore|ARM.Build.0 = Release|Any CPU
		{0EFE93FE-665E-4917-9231-3A844118C062}.AppStore|iPhone.ActiveCfg = Release|Any CPU
		{0EFE93FE-665E-4917-9231-3A844118C062}.AppStore|iPhone.Build.0 = Release|Any CPU
		{0EFE93FE-665E-4917-9231-3A844118C062}.AppStore|iPhoneSimulator.ActiveCfg = Release|Any CPU
		{0EFE93FE-665E-4917-9231-3A844118C062}.AppStore|iPhoneSimulator.Build.0 = Release|Any CPU
		{0EFE93FE-665E-4917-9231-3A844118C062}.AppStore|x64.ActiveCfg = Release|Any CPU
		{0EFE93FE-665E-4917-9231-3A844118C062}.AppStore|x64.Build.0 = Release|Any CPU
		{0EFE93FE-665E-4917-9231-3A844118C062}.AppStore|x86.ActiveCfg = Release|Any CPU
		{0EFE93FE-665E-4917-9231-3A844118C062}.AppStore|x86.Build.0 = Release|Any CPU
		{0EFE93FE-665E-4917-9231-3A844118C062}.Debug|Any CPU.ActiveCfg = Debug|Any CPU
		{0EFE93FE-665E-4917-9231-3A844118C062}.Debug|Any CPU.Build.0 = Debug|Any CPU
		{0EFE93FE-665E-4917-9231-3A844118C062}.Debug|ARM.ActiveCfg = Debug|Any CPU
		{0EFE93FE-665E-4917-9231-3A844118C062}.Debug|ARM.Build.0 = Debug|Any CPU
		{0EFE93FE-665E-4917-9231-3A844118C062}.Debug|iPhone.ActiveCfg = Debug|Any CPU
		{0EFE93FE-665E-4917-9231-3A844118C062}.Debug|iPhone.Build.0 = Debug|Any CPU
		{0EFE93FE-665E-4917-9231-3A844118C062}.Debug|iPhoneSimulator.ActiveCfg = Debug|Any CPU
		{0EFE93FE-665E-4917-9231-3A844118C062}.Debug|iPhoneSimulator.Build.0 = Debug|Any CPU
		{0EFE93FE-665E-4917-9231-3A844118C062}.Debug|x64.ActiveCfg = Debug|Any CPU
		{0EFE93FE-665E-4917-9231-3A844118C062}.Debug|x64.Build.0 = Debug|Any CPU
		{0EFE93FE-665E-4917-9231-3A844118C062}.Debug|x86.ActiveCfg = Debug|Any CPU
		{0EFE93FE-665E-4917-9231-3A844118C062}.Debug|x86.Build.0 = Debug|Any CPU
		{0EFE93FE-665E-4917-9231-3A844118C062}.Release|Any CPU.ActiveCfg = Release|Any CPU
		{0EFE93FE-665E-4917-9231-3A844118C062}.Release|Any CPU.Build.0 = Release|Any CPU
		{0EFE93FE-665E-4917-9231-3A844118C062}.Release|ARM.ActiveCfg = Release|Any CPU
		{0EFE93FE-665E-4917-9231-3A844118C062}.Release|ARM.Build.0 = Release|Any CPU
		{0EFE93FE-665E-4917-9231-3A844118C062}.Release|iPhone.ActiveCfg = Release|Any CPU
		{0EFE93FE-665E-4917-9231-3A844118C062}.Release|iPhone.Build.0 = Release|Any CPU
		{0EFE93FE-665E-4917-9231-3A844118C062}.Release|iPhoneSimulator.ActiveCfg = Release|Any CPU
		{0EFE93FE-665E-4917-9231-3A844118C062}.Release|iPhoneSimulator.Build.0 = Release|Any CPU
		{0EFE93FE-665E-4917-9231-3A844118C062}.Release|x64.ActiveCfg = Release|Any CPU
		{0EFE93FE-665E-4917-9231-3A844118C062}.Release|x64.Build.0 = Release|Any CPU
		{0EFE93FE-665E-4917-9231-3A844118C062}.Release|x86.ActiveCfg = Release|Any CPU
		{0EFE93FE-665E-4917-9231-3A844118C062}.Release|x86.Build.0 = Release|Any CPU
		{E8B03BE2-7506-44E8-9C4D-2D1A75433A3F}.Ad-Hoc|Any CPU.ActiveCfg = Release|Any CPU
		{E8B03BE2-7506-44E8-9C4D-2D1A75433A3F}.Ad-Hoc|Any CPU.Build.0 = Release|Any CPU
		{E8B03BE2-7506-44E8-9C4D-2D1A75433A3F}.Ad-Hoc|Any CPU.Deploy.0 = Release|Any CPU
		{E8B03BE2-7506-44E8-9C4D-2D1A75433A3F}.Ad-Hoc|ARM.ActiveCfg = Release|Any CPU
		{E8B03BE2-7506-44E8-9C4D-2D1A75433A3F}.Ad-Hoc|ARM.Build.0 = Release|Any CPU
		{E8B03BE2-7506-44E8-9C4D-2D1A75433A3F}.Ad-Hoc|ARM.Deploy.0 = Release|Any CPU
		{E8B03BE2-7506-44E8-9C4D-2D1A75433A3F}.Ad-Hoc|iPhone.ActiveCfg = Release|Any CPU
		{E8B03BE2-7506-44E8-9C4D-2D1A75433A3F}.Ad-Hoc|iPhone.Build.0 = Release|Any CPU
		{E8B03BE2-7506-44E8-9C4D-2D1A75433A3F}.Ad-Hoc|iPhone.Deploy.0 = Release|Any CPU
		{E8B03BE2-7506-44E8-9C4D-2D1A75433A3F}.Ad-Hoc|iPhoneSimulator.ActiveCfg = Release|Any CPU
		{E8B03BE2-7506-44E8-9C4D-2D1A75433A3F}.Ad-Hoc|iPhoneSimulator.Build.0 = Release|Any CPU
		{E8B03BE2-7506-44E8-9C4D-2D1A75433A3F}.Ad-Hoc|iPhoneSimulator.Deploy.0 = Release|Any CPU
		{E8B03BE2-7506-44E8-9C4D-2D1A75433A3F}.Ad-Hoc|x64.ActiveCfg = Release|Any CPU
		{E8B03BE2-7506-44E8-9C4D-2D1A75433A3F}.Ad-Hoc|x64.Build.0 = Release|Any CPU
		{E8B03BE2-7506-44E8-9C4D-2D1A75433A3F}.Ad-Hoc|x64.Deploy.0 = Release|Any CPU
		{E8B03BE2-7506-44E8-9C4D-2D1A75433A3F}.Ad-Hoc|x86.ActiveCfg = Release|Any CPU
		{E8B03BE2-7506-44E8-9C4D-2D1A75433A3F}.Ad-Hoc|x86.Build.0 = Release|Any CPU
		{E8B03BE2-7506-44E8-9C4D-2D1A75433A3F}.Ad-Hoc|x86.Deploy.0 = Release|Any CPU
		{E8B03BE2-7506-44E8-9C4D-2D1A75433A3F}.AppStore|Any CPU.ActiveCfg = Release|Any CPU
		{E8B03BE2-7506-44E8-9C4D-2D1A75433A3F}.AppStore|Any CPU.Build.0 = Release|Any CPU
		{E8B03BE2-7506-44E8-9C4D-2D1A75433A3F}.AppStore|Any CPU.Deploy.0 = Release|Any CPU
		{E8B03BE2-7506-44E8-9C4D-2D1A75433A3F}.AppStore|ARM.ActiveCfg = Release|Any CPU
		{E8B03BE2-7506-44E8-9C4D-2D1A75433A3F}.AppStore|ARM.Build.0 = Release|Any CPU
		{E8B03BE2-7506-44E8-9C4D-2D1A75433A3F}.AppStore|ARM.Deploy.0 = Release|Any CPU
		{E8B03BE2-7506-44E8-9C4D-2D1A75433A3F}.AppStore|iPhone.ActiveCfg = Release|Any CPU
		{E8B03BE2-7506-44E8-9C4D-2D1A75433A3F}.AppStore|iPhone.Build.0 = Release|Any CPU
		{E8B03BE2-7506-44E8-9C4D-2D1A75433A3F}.AppStore|iPhone.Deploy.0 = Release|Any CPU
		{E8B03BE2-7506-44E8-9C4D-2D1A75433A3F}.AppStore|iPhoneSimulator.ActiveCfg = Release|Any CPU
		{E8B03BE2-7506-44E8-9C4D-2D1A75433A3F}.AppStore|iPhoneSimulator.Build.0 = Release|Any CPU
		{E8B03BE2-7506-44E8-9C4D-2D1A75433A3F}.AppStore|iPhoneSimulator.Deploy.0 = Release|Any CPU
		{E8B03BE2-7506-44E8-9C4D-2D1A75433A3F}.AppStore|x64.ActiveCfg = Release|Any CPU
		{E8B03BE2-7506-44E8-9C4D-2D1A75433A3F}.AppStore|x64.Build.0 = Release|Any CPU
		{E8B03BE2-7506-44E8-9C4D-2D1A75433A3F}.AppStore|x64.Deploy.0 = Release|Any CPU
		{E8B03BE2-7506-44E8-9C4D-2D1A75433A3F}.AppStore|x86.ActiveCfg = Release|Any CPU
		{E8B03BE2-7506-44E8-9C4D-2D1A75433A3F}.AppStore|x86.Build.0 = Release|Any CPU
		{E8B03BE2-7506-44E8-9C4D-2D1A75433A3F}.AppStore|x86.Deploy.0 = Release|Any CPU
		{E8B03BE2-7506-44E8-9C4D-2D1A75433A3F}.Debug|Any CPU.ActiveCfg = Debug|Any CPU
		{E8B03BE2-7506-44E8-9C4D-2D1A75433A3F}.Debug|Any CPU.Build.0 = Debug|Any CPU
		{E8B03BE2-7506-44E8-9C4D-2D1A75433A3F}.Debug|Any CPU.Deploy.0 = Debug|Any CPU
		{E8B03BE2-7506-44E8-9C4D-2D1A75433A3F}.Debug|ARM.ActiveCfg = Debug|Any CPU
		{E8B03BE2-7506-44E8-9C4D-2D1A75433A3F}.Debug|ARM.Build.0 = Debug|Any CPU
		{E8B03BE2-7506-44E8-9C4D-2D1A75433A3F}.Debug|ARM.Deploy.0 = Debug|Any CPU
		{E8B03BE2-7506-44E8-9C4D-2D1A75433A3F}.Debug|iPhone.ActiveCfg = Debug|Any CPU
		{E8B03BE2-7506-44E8-9C4D-2D1A75433A3F}.Debug|iPhone.Build.0 = Debug|Any CPU
		{E8B03BE2-7506-44E8-9C4D-2D1A75433A3F}.Debug|iPhone.Deploy.0 = Debug|Any CPU
		{E8B03BE2-7506-44E8-9C4D-2D1A75433A3F}.Debug|iPhoneSimulator.ActiveCfg = Debug|Any CPU
		{E8B03BE2-7506-44E8-9C4D-2D1A75433A3F}.Debug|iPhoneSimulator.Build.0 = Debug|Any CPU
		{E8B03BE2-7506-44E8-9C4D-2D1A75433A3F}.Debug|iPhoneSimulator.Deploy.0 = Debug|Any CPU
		{E8B03BE2-7506-44E8-9C4D-2D1A75433A3F}.Debug|x64.ActiveCfg = Debug|Any CPU
		{E8B03BE2-7506-44E8-9C4D-2D1A75433A3F}.Debug|x64.Build.0 = Debug|Any CPU
		{E8B03BE2-7506-44E8-9C4D-2D1A75433A3F}.Debug|x64.Deploy.0 = Debug|Any CPU
		{E8B03BE2-7506-44E8-9C4D-2D1A75433A3F}.Debug|x86.ActiveCfg = Debug|Any CPU
		{E8B03BE2-7506-44E8-9C4D-2D1A75433A3F}.Debug|x86.Build.0 = Debug|Any CPU
		{E8B03BE2-7506-44E8-9C4D-2D1A75433A3F}.Debug|x86.Deploy.0 = Debug|Any CPU
		{E8B03BE2-7506-44E8-9C4D-2D1A75433A3F}.Release|Any CPU.ActiveCfg = Release|Any CPU
		{E8B03BE2-7506-44E8-9C4D-2D1A75433A3F}.Release|Any CPU.Build.0 = Release|Any CPU
		{E8B03BE2-7506-44E8-9C4D-2D1A75433A3F}.Release|Any CPU.Deploy.0 = Release|Any CPU
		{E8B03BE2-7506-44E8-9C4D-2D1A75433A3F}.Release|ARM.ActiveCfg = Release|Any CPU
		{E8B03BE2-7506-44E8-9C4D-2D1A75433A3F}.Release|ARM.Build.0 = Release|Any CPU
		{E8B03BE2-7506-44E8-9C4D-2D1A75433A3F}.Release|ARM.Deploy.0 = Release|Any CPU
		{E8B03BE2-7506-44E8-9C4D-2D1A75433A3F}.Release|iPhone.ActiveCfg = Release|Any CPU
		{E8B03BE2-7506-44E8-9C4D-2D1A75433A3F}.Release|iPhone.Build.0 = Release|Any CPU
		{E8B03BE2-7506-44E8-9C4D-2D1A75433A3F}.Release|iPhone.Deploy.0 = Release|Any CPU
		{E8B03BE2-7506-44E8-9C4D-2D1A75433A3F}.Release|iPhoneSimulator.ActiveCfg = Release|Any CPU
		{E8B03BE2-7506-44E8-9C4D-2D1A75433A3F}.Release|iPhoneSimulator.Build.0 = Release|Any CPU
		{E8B03BE2-7506-44E8-9C4D-2D1A75433A3F}.Release|iPhoneSimulator.Deploy.0 = Release|Any CPU
		{E8B03BE2-7506-44E8-9C4D-2D1A75433A3F}.Release|x64.ActiveCfg = Release|Any CPU
		{E8B03BE2-7506-44E8-9C4D-2D1A75433A3F}.Release|x64.Build.0 = Release|Any CPU
		{E8B03BE2-7506-44E8-9C4D-2D1A75433A3F}.Release|x64.Deploy.0 = Release|Any CPU
		{E8B03BE2-7506-44E8-9C4D-2D1A75433A3F}.Release|x86.ActiveCfg = Release|Any CPU
		{E8B03BE2-7506-44E8-9C4D-2D1A75433A3F}.Release|x86.Build.0 = Release|Any CPU
		{E8B03BE2-7506-44E8-9C4D-2D1A75433A3F}.Release|x86.Deploy.0 = Release|Any CPU
		{D833FA8D-8B40-4969-9512-998863171BD6}.Ad-Hoc|Any CPU.ActiveCfg = Ad-Hoc|iPhone
		{D833FA8D-8B40-4969-9512-998863171BD6}.Ad-Hoc|ARM.ActiveCfg = Ad-Hoc|iPhone
		{D833FA8D-8B40-4969-9512-998863171BD6}.Ad-Hoc|iPhone.ActiveCfg = Ad-Hoc|iPhone
		{D833FA8D-8B40-4969-9512-998863171BD6}.Ad-Hoc|iPhone.Build.0 = Ad-Hoc|iPhone
		{D833FA8D-8B40-4969-9512-998863171BD6}.Ad-Hoc|iPhoneSimulator.ActiveCfg = Ad-Hoc|iPhoneSimulator
		{D833FA8D-8B40-4969-9512-998863171BD6}.Ad-Hoc|iPhoneSimulator.Build.0 = Ad-Hoc|iPhoneSimulator
		{D833FA8D-8B40-4969-9512-998863171BD6}.Ad-Hoc|x64.ActiveCfg = Ad-Hoc|iPhone
		{D833FA8D-8B40-4969-9512-998863171BD6}.Ad-Hoc|x86.ActiveCfg = Ad-Hoc|iPhone
		{D833FA8D-8B40-4969-9512-998863171BD6}.AppStore|Any CPU.ActiveCfg = AppStore|iPhone
		{D833FA8D-8B40-4969-9512-998863171BD6}.AppStore|ARM.ActiveCfg = AppStore|iPhone
		{D833FA8D-8B40-4969-9512-998863171BD6}.AppStore|iPhone.ActiveCfg = AppStore|iPhone
		{D833FA8D-8B40-4969-9512-998863171BD6}.AppStore|iPhone.Build.0 = AppStore|iPhone
		{D833FA8D-8B40-4969-9512-998863171BD6}.AppStore|iPhoneSimulator.ActiveCfg = AppStore|iPhoneSimulator
		{D833FA8D-8B40-4969-9512-998863171BD6}.AppStore|iPhoneSimulator.Build.0 = AppStore|iPhoneSimulator
		{D833FA8D-8B40-4969-9512-998863171BD6}.AppStore|x64.ActiveCfg = AppStore|iPhone
		{D833FA8D-8B40-4969-9512-998863171BD6}.AppStore|x86.ActiveCfg = AppStore|iPhone
		{D833FA8D-8B40-4969-9512-998863171BD6}.Debug|Any CPU.ActiveCfg = Debug|iPhone
		{D833FA8D-8B40-4969-9512-998863171BD6}.Debug|ARM.ActiveCfg = Debug|iPhone
		{D833FA8D-8B40-4969-9512-998863171BD6}.Debug|iPhone.ActiveCfg = Debug|iPhone
		{D833FA8D-8B40-4969-9512-998863171BD6}.Debug|iPhone.Build.0 = Debug|iPhone
		{D833FA8D-8B40-4969-9512-998863171BD6}.Debug|iPhoneSimulator.ActiveCfg = Debug|iPhoneSimulator
		{D833FA8D-8B40-4969-9512-998863171BD6}.Debug|iPhoneSimulator.Build.0 = Debug|iPhoneSimulator
		{D833FA8D-8B40-4969-9512-998863171BD6}.Debug|x64.ActiveCfg = Debug|iPhone
		{D833FA8D-8B40-4969-9512-998863171BD6}.Debug|x86.ActiveCfg = Debug|iPhone
		{D833FA8D-8B40-4969-9512-998863171BD6}.Release|Any CPU.ActiveCfg = Release|iPhone
		{D833FA8D-8B40-4969-9512-998863171BD6}.Release|ARM.ActiveCfg = Release|iPhone
		{D833FA8D-8B40-4969-9512-998863171BD6}.Release|iPhone.ActiveCfg = Release|iPhone
		{D833FA8D-8B40-4969-9512-998863171BD6}.Release|iPhone.Build.0 = Release|iPhone
		{D833FA8D-8B40-4969-9512-998863171BD6}.Release|iPhoneSimulator.ActiveCfg = Release|iPhoneSimulator
		{D833FA8D-8B40-4969-9512-998863171BD6}.Release|iPhoneSimulator.Build.0 = Release|iPhoneSimulator
		{D833FA8D-8B40-4969-9512-998863171BD6}.Release|x64.ActiveCfg = Release|iPhone
		{D833FA8D-8B40-4969-9512-998863171BD6}.Release|x86.ActiveCfg = Release|iPhone
	EndGlobalSection
	GlobalSection(SolutionProperties) = preSolution
		HideSolutionNode = FALSE
	EndGlobalSection
	GlobalSection(ExtensibilityGlobals) = postSolution
		SolutionGuid = {C755209C-4E04-4D63-8BE3-007CD78A48B9}
	EndGlobalSection
EndGlobal
